
Microsoft Visual Studio Solution File, Format Version 12.00
# Visual Studio Version 17
VisualStudioVersion = 17.10.35122.118
MinimumVisualStudioVersion = 10.0.40219.1
Project("{9A19103F-16F7-4668-BE54-9A1E7A4F7556}") = "EcosferaDigital", "EcosferaDigital\EcosferaDigital.csproj", "{6ACE6D57-BB1A-439A-8156-AE3D10B6FF8E}"
EndProject
Project("{FAE04EC0-301F-11D3-BF4B-00C04F79EFBC}") = "Tests", "Tests\Tests.csproj", "{0A2F9FE9-D1C3-4632-9A8C-6627A6AAAD88}"
EndProject
Global
	GlobalSection(SolutionConfigurationPlatforms) = preSolution
		Debug|Any CPU = Debug|Any CPU
		Release|Any CPU = Release|Any CPU
	EndGlobalSection
	GlobalSection(ProjectConfigurationPlatforms) = postSolution
		{6ACE6D57-BB1A-439A-8156-AE3D10B6FF8E}.Debug|Any CPU.ActiveCfg = Debug|Any CPU
		{6ACE6D57-BB1A-439A-8156-AE3D10B6FF8E}.Debug|Any CPU.Build.0 = Debug|Any CPU
		{6ACE6D57-BB1A-439A-8156-AE3D10B6FF8E}.Release|Any CPU.ActiveCfg = Release|Any CPU
		{6ACE6D57-BB1A-439A-8156-AE3D10B6FF8E}.Release|Any CPU.Build.0 = Release|Any CPU
		{0A2F9FE9-D1C3-4632-9A8C-6627A6AAAD88}.Debug|Any CPU.ActiveCfg = Debug|Any CPU
		{0A2F9FE9-D1C3-4632-9A8C-6627A6AAAD88}.Debug|Any CPU.Build.0 = Debug|Any CPU
		{0A2F9FE9-D1C3-4632-9A8C-6627A6AAAD88}.Release|Any CPU.ActiveCfg = Release|Any CPU
		{0A2F9FE9-D1C3-4632-9A8C-6627A6AAAD88}.Release|Any CPU.Build.0 = Release|Any CPU
	EndGlobalSection
	GlobalSection(SolutionProperties) = preSolution
		HideSolutionNode = FALSE
	EndGlobalSection
	GlobalSection(ExtensibilityGlobals) = postSolution
		SolutionGuid = {8F770B52-B3AA-4256-A7C5-7F78D366C4FE}
	EndGlobalSection
EndGlobal
